PODS:
  - Flutter (1.0.0)
  - Sentry (6.0.1):
    - Sentry/Core (= 6.0.1)
  - Sentry/Core (6.0.1)
  - sentry_flutter (0.0.1):
    - Flutter
    - Sentry (~> 6.0.1)

DEPENDENCIES:
  - Flutter (from `Flutter`)
  - sentry_flutter (from `.symlinks/plugins/sentry_flutter/ios`)

SPEC REPOS:
  trunk:
    - Sentry

EXTERNAL SOURCES:
  Flutter:
    :path: Flutter
  sentry_flutter:
    :path: ".symlinks/plugins/sentry_flutter/ios"

SPEC CHECKSUMS:
  Flutter: 0e3d915762c693b495b44d77113d4970485de6ec
  Sentry: 2130c956d0d6824d4d9aaa98fd55140b1d55c030
  sentry_flutter: 9207b0a464df3e7e501650267d61f0a40670ce2d

PODFILE CHECKSUM: a75497545d4391e2d394c3668e20cfb1c2bbd4aa

COCOAPODS: 1.9.3
