PODS:
  - Flutter (1.0.0)
  - Sentry (6.0.0-alpha.0):
    - Sentry/Core (= 6.0.0-alpha.0)
  - Sentry/Core (6.0.0-alpha.0)
  - sentry_flutter (0.0.1):
    - Flutter
    - Sentry (~> 6.0.0-alpha.0)

DEPENDENCIES:
  - Flutter (from `Flutter`)
  - sentry_flutter (from `.symlinks/plugins/sentry_flutter/ios`)

SPEC REPOS:
  trunk:
    - Sentry

EXTERNAL SOURCES:
  Flutter:
    :path: Flutter
  sentry_flutter:
    :path: ".symlinks/plugins/sentry_flutter/ios"

SPEC CHECKSUMS:
  Flutter: 0e3d915762c693b495b44d77113d4970485de6ec
  Sentry: 7092bb6ed680769a1213cbd2ae37f43342dbd680
  sentry_flutter: 0cebc650932f10da344626802afe6360830ef7a1

PODFILE CHECKSUM: a75497545d4391e2d394c3668e20cfb1c2bbd4aa

COCOAPODS: 1.9.3
