PODS:
  - Flutter (1.0.0)
  - package_info (0.0.1):
    - Flutter
  - Sentry (6.0.9):
    - Sentry/Core (= 6.0.9)
  - Sentry/Core (6.0.9)
  - sentry_flutter (0.0.1):
    - Flutter
    - Sentry (~> 6.0.9)

DEPENDENCIES:
  - Flutter (from `Flutter`)
  - sentry_flutter (from `.symlinks/plugins/sentry_flutter/ios`)

SPEC REPOS:
  trunk:
    - Sentry

EXTERNAL SOURCES:
  Flutter:
    :path: Flutter
  sentry_flutter:
    :path: ".symlinks/plugins/sentry_flutter/ios"

SPEC CHECKSUMS:
  Flutter: 0e3d915762c693b495b44d77113d4970485de6ec
  package_info: 873975fc26034f0b863a300ad47e7f1ac6c7ec62
  Sentry: 388c9dc093b2fd3a264466a5c5b21e25959610a9
  sentry_flutter: 5526584667efa760b715a0356ca89cf369bfaddb

PODFILE CHECKSUM: a75497545d4391e2d394c3668e20cfb1c2bbd4aa

COCOAPODS: 1.9.3
