{
  "originHash" : "3e0b305f3e08eb6ab45a94623745b68c578c62b5cfef202428812607168814b2",
  "pins" : [
    {
      "identity" : "csqlite",
      "kind" : "remoteSourceControl",
      "location" : "https://github.com/simolus3/CSQLite.git",
      "state" : {
        "revision" : "7381ec26064b49105594dc13508d8de303607c2f"
      }
    },
    {
      "identity" : "sentry-cocoa",
      "kind" : "remoteSourceControl",
      "location" : "https://github.com/getsentry/sentry-cocoa",
      "state" : {
        "revision" : "156495496cb101e2f0a6b059f12dafcff1912197",
        "version" : "8.54.0"
      }
    }
  ],
  "version" : 3
}
