PODS:
  - Flutter (1.0.0)
  - sentry_flutter (0.0.1):
    - Flutter

DEPENDENCIES:
  - Flutter (from `Flutter`)
  - sentry_flutter (from `.symlinks/plugins/sentry_flutter/ios`)

EXTERNAL SOURCES:
  Flutter:
    :path: Flutter
  sentry_flutter:
    :path: ".symlinks/plugins/sentry_flutter/ios"

SPEC CHECKSUMS:
  Flutter: 0e3d915762c693b495b44d77113d4970485de6ec
  sentry_flutter: c52e6d52e8ea68cce219928ad98d176154c100dd

PODFILE CHECKSUM: aafe91acc616949ddb318b77800a7f51bffa2a4c

COCOAPODS: 1.9.3
